
Microsoft Visual Studio Solution File, Format Version 12.00
# Visual Studio 15
VisualStudioVersion = 15.0.28010.2003
MinimumVisualStudioVersion = 10.0.40219.1
Project("{9A19103F-16F7-4668-BE54-9A1E7A4F7556}") = "MaxTracker", "MaxTracker\MaxTracker.csproj", "{4C2ADA47-8A46-4FDE-956A-B54012F64C94}"
EndProject
Project("{9A19103F-16F7-4668-BE54-9A1E7A4F7556}") = "MaxTracker.Persistence", "MaxTracker.Persistence\MaxTracker.Persistence.csproj", "{098F438C-4D3B-43B7-9A37-0F4C1BF36C74}"
EndProject
Project("{9A19103F-16F7-4668-BE54-9A1E7A4F7556}") = "MaxTracker.Domain", "MaxTracker.Domain\MaxTracker.Domain.csproj", "{449A40A8-253A-4555-998C-581E8D68D51F}"
EndProject
Project("{FAE04EC0-301F-11D3-BF4B-00C04F79EFBC}") = "IOTSimulator", "IOTSimulator\IOTSimulator.csproj", "{47361578-CC87-4A39-BCD0-ED891755EABC}"
EndProject
Global
	GlobalSection(SolutionConfigurationPlatforms) = preSolution
		Debug|Any CPU = Debug|Any CPU
		Release|Any CPU = Release|Any CPU
	EndGlobalSection
	GlobalSection(ProjectConfigurationPlatforms) = postSolution
		{4C2ADA47-8A46-4FDE-956A-B54012F64C94}.Debug|Any CPU.ActiveCfg = Debug|Any CPU
		{4C2ADA47-8A46-4FDE-956A-B54012F64C94}.Debug|Any CPU.Build.0 = Debug|Any CPU
		{4C2ADA47-8A46-4FDE-956A-B54012F64C94}.Release|Any CPU.ActiveCfg = Release|Any CPU
		{4C2ADA47-8A46-4FDE-956A-B54012F64C94}.Release|Any CPU.Build.0 = Release|Any CPU
		{098F438C-4D3B-43B7-9A37-0F4C1BF36C74}.Debug|Any CPU.ActiveCfg = Debug|Any CPU
		{098F438C-4D3B-43B7-9A37-0F4C1BF36C74}.Debug|Any CPU.Build.0 = Debug|Any CPU
		{098F438C-4D3B-43B7-9A37-0F4C1BF36C74}.Release|Any CPU.ActiveCfg = Release|Any CPU
		{098F438C-4D3B-43B7-9A37-0F4C1BF36C74}.Release|Any CPU.Build.0 = Release|Any CPU
		{449A40A8-253A-4555-998C-581E8D68D51F}.Debug|Any CPU.ActiveCfg = Debug|Any CPU
		{449A40A8-253A-4555-998C-581E8D68D51F}.Debug|Any CPU.Build.0 = Debug|Any CPU
		{449A40A8-253A-4555-998C-581E8D68D51F}.Release|Any CPU.ActiveCfg = Release|Any CPU
		{449A40A8-253A-4555-998C-581E8D68D51F}.Release|Any CPU.Build.0 = Release|Any CPU
		{47361578-CC87-4A39-BCD0-ED891755EABC}.Debug|Any CPU.ActiveCfg = Debug|Any CPU
		{47361578-CC87-4A39-BCD0-ED891755EABC}.Debug|Any CPU.Build.0 = Debug|Any CPU
		{47361578-CC87-4A39-BCD0-ED891755EABC}.Release|Any CPU.ActiveCfg = Release|Any CPU
		{47361578-CC87-4A39-BCD0-ED891755EABC}.Release|Any CPU.Build.0 = Release|Any CPU
	EndGlobalSection
	GlobalSection(SolutionProperties) = preSolution
		HideSolutionNode = FALSE
	EndGlobalSection
	GlobalSection(ExtensibilityGlobals) = postSolution
		SolutionGuid = {5D7543D5-2CE9-4B25-B922-5DAAC8141FA5}
	EndGlobalSection
EndGlobal
